
Microsoft Visual Studio Solution File, Format Version 12.00
# Visual Studio Version 17
VisualStudioVersion = 17.3.32901.215
MinimumVisualStudioVersion = 10.0.40219.1
Project("{FAE04EC0-301F-11D3-BF4B-00C04F79EFBC}") = "Singleton", "Singleton\Singleton.csproj", "{63680C7F-A69B-4AFC-B67D-5FBA76EBDBE1}"
EndProject
Global
	GlobalSection(SolutionConfigurationPlatforms) = preSolution
		Debug|Any CPU = Debug|Any CPU
		Release|Any CPU = Release|Any CPU
	EndGlobalSection
	GlobalSection(ProjectConfigurationPlatforms) = postSolution
		{63680C7F-A69B-4AFC-B67D-5FBA76EBDBE1}.Debug|Any CPU.ActiveCfg = Debug|Any CPU
		{63680C7F-A69B-4AFC-B67D-5FBA76EBDBE1}.Debug|Any CPU.Build.0 = Debug|Any CPU
		{63680C7F-A69B-4AFC-B67D-5FBA76EBDBE1}.Release|Any CPU.ActiveCfg = Release|Any CPU
		{63680C7F-A69B-4AFC-B67D-5FBA76EBDBE1}.Release|Any CPU.Build.0 = Release|Any CPU
	EndGlobalSection
	GlobalSection(SolutionProperties) = preSolution
		HideSolutionNode = FALSE
	EndGlobalSection
	GlobalSection(ExtensibilityGlobals) = postSolution
		SolutionGuid = {B947A993-F641-4673-9D37-7053603257C9}
	EndGlobalSection
EndGlobal
