
Microsoft Visual Studio Solution File, Format Version 12.00
# Visual Studio Version 17
VisualStudioVersion = 17.3.32901.215
MinimumVisualStudioVersion = 10.0.40219.1
Project("{FAE04EC0-301F-11D3-BF4B-00C04F79EFBC}") = "HelloWorld", "HelloWorld\HelloWorld.csproj", "{65E0F65D-24FE-40CE-A2A3-246EC08F3C50}"
EndProject
Global
	GlobalSection(SolutionConfigurationPlatforms) = preSolution
		Debug|Any CPU = Debug|Any CPU
		Release|Any CPU = Release|Any CPU
	EndGlobalSection
	GlobalSection(ProjectConfigurationPlatforms) = postSolution
		{65E0F65D-24FE-40CE-A2A3-246EC08F3C50}.Debug|Any CPU.ActiveCfg = Debug|Any CPU
		{65E0F65D-24FE-40CE-A2A3-246EC08F3C50}.Debug|Any CPU.Build.0 = Debug|Any CPU
		{65E0F65D-24FE-40CE-A2A3-246EC08F3C50}.Release|Any CPU.ActiveCfg = Release|Any CPU
		{65E0F65D-24FE-40CE-A2A3-246EC08F3C50}.Release|Any CPU.Build.0 = Release|Any CPU
	EndGlobalSection
	GlobalSection(SolutionProperties) = preSolution
		HideSolutionNode = FALSE
	EndGlobalSection
	GlobalSection(ExtensibilityGlobals) = postSolution
		SolutionGuid = {7AF0FD12-E9E9-4003-8B80-A559C2E0FAD3}
	EndGlobalSection
EndGlobal
